
Microsoft Visual Studio Solution File, Format Version 12.00
# Visual Studio Version 17
VisualStudioVersion = 17.9.34607.119
MinimumVisualStudioVersion = 10.0.40219.1
Project("{FAE04EC0-301F-11D3-BF4B-00C04F79EFBC}") = "Booking_Concert", "Booking_Concert\Booking_Concert.csproj", "{AAA274CF-91A4-429D-86E8-67EFDDFC6785}"
EndProject
Global
	GlobalSection(SolutionConfigurationPlatforms) = preSolution
		Debug|Any CPU = Debug|Any CPU
		Release|Any CPU = Release|Any CPU
	EndGlobalSection
	GlobalSection(ProjectConfigurationPlatforms) = postSolution
		{AAA274CF-91A4-429D-86E8-67EFDDFC6785}.Debug|Any CPU.ActiveCfg = Debug|Any CPU
		{AAA274CF-91A4-429D-86E8-67EFDDFC6785}.Debug|Any CPU.Build.0 = Debug|Any CPU
		{AAA274CF-91A4-429D-86E8-67EFDDFC6785}.Release|Any CPU.ActiveCfg = Release|Any CPU
		{AAA274CF-91A4-429D-86E8-67EFDDFC6785}.Release|Any CPU.Build.0 = Release|Any CPU
	EndGlobalSection
	GlobalSection(SolutionProperties) = preSolution
		HideSolutionNode = FALSE
	EndGlobalSection
	GlobalSection(ExtensibilityGlobals) = postSolution
		SolutionGuid = {BF2FC8C7-305E-4F6A-A0A1-84B72108FF22}
	EndGlobalSection
EndGlobal
